[[package]]
name = "logging"
version = "0.4.9.6"
description = "A logging module for Python"
category = "main"
optional = false
python-versions = "*"

[[package]]
name = "pyyaml"
version = "6.0.1"
description = "YAML parser and emitter for Python"
category = "main"
optional = false
python-versions = ">=3.6"

[metadata]
lock-version = "1.1"
python-versions = "^3.8"
content-hash = "0b3025b385d1bda7ef2fe61a6b6b718682a62c3f0da6d85e8422ac2554b28a65"

[metadata.files]
logging = []
pyyaml = []
